
Microsoft Visual Studio Solution File, Format Version 12.00
# Visual Studio Version 16
VisualStudioVersion = 16.0.31112.23
MinimumVisualStudioVersion = 10.0.40219.1
Project("{FAE04EC0-301F-11D3-BF4B-00C04F79EFBC}") = "face-tracking", "face-tracking\face-tracking.csproj", "{AEB90200-8A5A-4694-86D8-85B0E18A8DF0}"
EndProject
Global
	GlobalSection(SolutionConfigurationPlatforms) = preSolution
		Debug|Any CPU = Debug|Any CPU
		Release|Any CPU = Release|Any CPU
	EndGlobalSection
	GlobalSection(ProjectConfigurationPlatforms) = postSolution
		{AEB90200-8A5A-4694-86D8-85B0E18A8DF0}.Debug|Any CPU.ActiveCfg = Debug|Any CPU
		{AEB90200-8A5A-4694-86D8-85B0E18A8DF0}.Debug|Any CPU.Build.0 = Debug|Any CPU
		{AEB90200-8A5A-4694-86D8-85B0E18A8DF0}.Release|Any CPU.ActiveCfg = Release|Any CPU
		{AEB90200-8A5A-4694-86D8-85B0E18A8DF0}.Release|Any CPU.Build.0 = Release|Any CPU
	EndGlobalSection
	GlobalSection(SolutionProperties) = preSolution
		HideSolutionNode = FALSE
	EndGlobalSection
	GlobalSection(ExtensibilityGlobals) = postSolution
		SolutionGuid = {C5924F4B-55BC-427C-98F3-F3A035C471CE}
	EndGlobalSection
EndGlobal
