
Microsoft Visual Studio Solution File, Format Version 12.00
# Visual Studio Version 16
VisualStudioVersion = 16.0.31112.23
MinimumVisualStudioVersion = 10.0.40219.1
Project("{FAE04EC0-301F-11D3-BF4B-00C04F79EFBC}") = "file-counter", "file-counter\file-counter.csproj", "{1249203B-D6CC-40B5-95CE-708097BAD227}"
EndProject
Project("{FAE04EC0-301F-11D3-BF4B-00C04F79EFBC}") = "file-counter-unit-tests", "file-counter-unit-tests\file-counter-unit-tests.csproj", "{F048CCB9-9B71-468C-A9E1-28EA5C3844D0}"
EndProject
Global
	GlobalSection(SolutionConfigurationPlatforms) = preSolution
		Debug|Any CPU = Debug|Any CPU
		Release|Any CPU = Release|Any CPU
	EndGlobalSection
	GlobalSection(ProjectConfigurationPlatforms) = postSolution
		{1249203B-D6CC-40B5-95CE-708097BAD227}.Debug|Any CPU.ActiveCfg = Debug|Any CPU
		{1249203B-D6CC-40B5-95CE-708097BAD227}.Debug|Any CPU.Build.0 = Debug|Any CPU
		{1249203B-D6CC-40B5-95CE-708097BAD227}.Release|Any CPU.ActiveCfg = Release|Any CPU
		{1249203B-D6CC-40B5-95CE-708097BAD227}.Release|Any CPU.Build.0 = Release|Any CPU
		{F048CCB9-9B71-468C-A9E1-28EA5C3844D0}.Debug|Any CPU.ActiveCfg = Debug|Any CPU
		{F048CCB9-9B71-468C-A9E1-28EA5C3844D0}.Debug|Any CPU.Build.0 = Debug|Any CPU
		{F048CCB9-9B71-468C-A9E1-28EA5C3844D0}.Release|Any CPU.ActiveCfg = Release|Any CPU
		{F048CCB9-9B71-468C-A9E1-28EA5C3844D0}.Release|Any CPU.Build.0 = Release|Any CPU
	EndGlobalSection
	GlobalSection(SolutionProperties) = preSolution
		HideSolutionNode = FALSE
	EndGlobalSection
	GlobalSection(ExtensibilityGlobals) = postSolution
		SolutionGuid = {DAB1A983-73A8-48D0-BBF2-4681D4B34CA3}
	EndGlobalSection
EndGlobal
